{
  "name": "hello-extension",
  "lockfileVersion": 3,
  "requires": true,
  "packages": {
    "": {
      "dependencies": {
        "chrome-types": "^0.1.308"
      }
    },
    "node_modules/chrome-types": {
      "version": "0.1.308",
      "resolved": "https://registry.npmjs.org/chrome-types/-/chrome-types-0.1.308.tgz",
      "integrity": "sha512-ynsXFi2L24mHfneoh6uRUrYN7nkB4f8LzVPmYcDRHmF8XraFguvRjPcOx8VHt1t0WvxqNCgeirusZQ9W4kEWDQ==",
      "license": "Apache-2.0"
    }
  }
}
